
Microsoft Visual Studio Solution File, Format Version 12.00
# Visual Studio Version 16
VisualStudioVersion = 16.0.31112.23
MinimumVisualStudioVersion = 10.0.40219.1
Project("{FAE04EC0-301F-11D3-BF4B-00C04F79EFBC}") = "CourseManager", "CourseManager\CourseManager.csproj", "{3C1AC215-D819-408D-9C9E-3C75270546E7}"
EndProject
Global
	GlobalSection(SolutionConfigurationPlatforms) = preSolution
		Debug|Any CPU = Debug|Any CPU
		Release|Any CPU = Release|Any CPU
	EndGlobalSection
	GlobalSection(ProjectConfigurationPlatforms) = postSolution
		{3C1AC215-D819-408D-9C9E-3C75270546E7}.Debug|Any CPU.ActiveCfg = Debug|Any CPU
		{3C1AC215-D819-408D-9C9E-3C75270546E7}.Debug|Any CPU.Build.0 = Debug|Any CPU
		{3C1AC215-D819-408D-9C9E-3C75270546E7}.Release|Any CPU.ActiveCfg = Release|Any CPU
		{3C1AC215-D819-408D-9C9E-3C75270546E7}.Release|Any CPU.Build.0 = Release|Any CPU
	EndGlobalSection
	GlobalSection(SolutionProperties) = preSolution
		HideSolutionNode = FALSE
	EndGlobalSection
	GlobalSection(ExtensibilityGlobals) = postSolution
		SolutionGuid = {7158CF2E-37FC-448D-9E46-7B669FEB0A11}
	EndGlobalSection
EndGlobal
