
Microsoft Visual Studio Solution File, Format Version 12.00
# Visual Studio Version 16
VisualStudioVersion = 16.0.31112.23
MinimumVisualStudioVersion = 10.0.40219.1
Project("{FAE04EC0-301F-11D3-BF4B-00C04F79EFBC}") = "Linq_Student", "Linq_Student\Linq_Student.csproj", "{A9E6F05B-8BDC-454F-A023-3107538AE262}"
EndProject
Global
	GlobalSection(SolutionConfigurationPlatforms) = preSolution
		Debug|Any CPU = Debug|Any CPU
		Release|Any CPU = Release|Any CPU
	EndGlobalSection
	GlobalSection(ProjectConfigurationPlatforms) = postSolution
		{A9E6F05B-8BDC-454F-A023-3107538AE262}.Debug|Any CPU.ActiveCfg = Debug|Any CPU
		{A9E6F05B-8BDC-454F-A023-3107538AE262}.Debug|Any CPU.Build.0 = Debug|Any CPU
		{A9E6F05B-8BDC-454F-A023-3107538AE262}.Release|Any CPU.ActiveCfg = Release|Any CPU
		{A9E6F05B-8BDC-454F-A023-3107538AE262}.Release|Any CPU.Build.0 = Release|Any CPU
	EndGlobalSection
	GlobalSection(SolutionProperties) = preSolution
		HideSolutionNode = FALSE
	EndGlobalSection
	GlobalSection(ExtensibilityGlobals) = postSolution
		SolutionGuid = {7D20F1EB-FD56-4CEF-842F-1710A79B6A3A}
	EndGlobalSection
EndGlobal
