
Microsoft Visual Studio Solution File, Format Version 12.00
# Visual Studio Version 16
VisualStudioVersion = 16.0.31112.23
MinimumVisualStudioVersion = 10.0.40219.1
Project("{FAE04EC0-301F-11D3-BF4B-00C04F79EFBC}") = "DataViewExample", "DataViewExample\DataViewExample.csproj", "{ECEC25D2-CF60-4981-BD2F-98B7923C953F}"
EndProject
Global
	GlobalSection(SolutionConfigurationPlatforms) = preSolution
		Debug|Any CPU = Debug|Any CPU
		Release|Any CPU = Release|Any CPU
	EndGlobalSection
	GlobalSection(ProjectConfigurationPlatforms) = postSolution
		{ECEC25D2-CF60-4981-BD2F-98B7923C953F}.Debug|Any CPU.ActiveCfg = Debug|Any CPU
		{ECEC25D2-CF60-4981-BD2F-98B7923C953F}.Debug|Any CPU.Build.0 = Debug|Any CPU
		{ECEC25D2-CF60-4981-BD2F-98B7923C953F}.Release|Any CPU.ActiveCfg = Release|Any CPU
		{ECEC25D2-CF60-4981-BD2F-98B7923C953F}.Release|Any CPU.Build.0 = Release|Any CPU
	EndGlobalSection
	GlobalSection(SolutionProperties) = preSolution
		HideSolutionNode = FALSE
	EndGlobalSection
	GlobalSection(ExtensibilityGlobals) = postSolution
		SolutionGuid = {4D780BA9-229D-4D58-A08D-3DB4AB664491}
	EndGlobalSection
EndGlobal
